
Microsoft Visual Studio Solution File, Format Version 12.00
# Visual Studio Version 16
VisualStudioVersion = 16.0.31729.503
MinimumVisualStudioVersion = 10.0.40219.1
Project("{FAE04EC0-301F-11D3-BF4B-00C04F79EFBC}") = "RegexerV3", "RegexerV3\RegexerV3.csproj", "{9CC5642E-5B8C-42FA-BA78-12D5957C74C2}"
EndProject
Global
	GlobalSection(SolutionConfigurationPlatforms) = preSolution
		Debug|Any CPU = Debug|Any CPU
		Release|Any CPU = Release|Any CPU
	EndGlobalSection
	GlobalSection(ProjectConfigurationPlatforms) = postSolution
		{9CC5642E-5B8C-42FA-BA78-12D5957C74C2}.Debug|Any CPU.ActiveCfg = Debug|Any CPU
		{9CC5642E-5B8C-42FA-BA78-12D5957C74C2}.Debug|Any CPU.Build.0 = Debug|Any CPU
		{9CC5642E-5B8C-42FA-BA78-12D5957C74C2}.Release|Any CPU.ActiveCfg = Release|Any CPU
		{9CC5642E-5B8C-42FA-BA78-12D5957C74C2}.Release|Any CPU.Build.0 = Release|Any CPU
	EndGlobalSection
	GlobalSection(SolutionProperties) = preSolution
		HideSolutionNode = FALSE
	EndGlobalSection
	GlobalSection(ExtensibilityGlobals) = postSolution
		SolutionGuid = {C24AA096-361A-4C77-B901-7A1EDCC50C08}
	EndGlobalSection
EndGlobal
