
Microsoft Visual Studio Solution File, Format Version 12.00
# Visual Studio Version 16
VisualStudioVersion = 16.0.31702.278
MinimumVisualStudioVersion = 10.0.40219.1
Project("{FAE04EC0-301F-11D3-BF4B-00C04F79EFBC}") = "Regexer", "Regexer.csproj", "{751A4B8C-3DA0-40E0-A52F-24749A90BD86}"
EndProject
Global
	GlobalSection(SolutionConfigurationPlatforms) = preSolution
		Debug|Any CPU = Debug|Any CPU
		Release|Any CPU = Release|Any CPU
	EndGlobalSection
	GlobalSection(ProjectConfigurationPlatforms) = postSolution
		{751A4B8C-3DA0-40E0-A52F-24749A90BD86}.Debug|Any CPU.ActiveCfg = Debug|Any CPU
		{751A4B8C-3DA0-40E0-A52F-24749A90BD86}.Debug|Any CPU.Build.0 = Debug|Any CPU
		{751A4B8C-3DA0-40E0-A52F-24749A90BD86}.Release|Any CPU.ActiveCfg = Release|Any CPU
		{751A4B8C-3DA0-40E0-A52F-24749A90BD86}.Release|Any CPU.Build.0 = Release|Any CPU
	EndGlobalSection
	GlobalSection(SolutionProperties) = preSolution
		HideSolutionNode = FALSE
	EndGlobalSection
	GlobalSection(ExtensibilityGlobals) = postSolution
		SolutionGuid = {C96A1D1A-448F-4AAC-90FB-9F27C462AE4E}
	EndGlobalSection
EndGlobal
