
Microsoft Visual Studio Solution File, Format Version 12.00
# Visual Studio Version 16
VisualStudioVersion = 16.0.31729.503
MinimumVisualStudioVersion = 10.0.40219.1
Project("{FAE04EC0-301F-11D3-BF4B-00C04F79EFBC}") = "Tester", "Tester\Tester.csproj", "{1C6475E1-96C7-4DF9-A738-6AACBC30CE12}"
EndProject
Project("{FAE04EC0-301F-11D3-BF4B-00C04F79EFBC}") = "HelperDotNet", "..\HelperDotNet\HelperDotNet.csproj", "{BDFBCE64-7A1F-4DA2-B732-D81D1CD662D3}"
EndProject
Global
	GlobalSection(SolutionConfigurationPlatforms) = preSolution
		Debug|Any CPU = Debug|Any CPU
		Release|Any CPU = Release|Any CPU
	EndGlobalSection
	GlobalSection(ProjectConfigurationPlatforms) = postSolution
		{1C6475E1-96C7-4DF9-A738-6AACBC30CE12}.Debug|Any CPU.ActiveCfg = Debug|Any CPU
		{1C6475E1-96C7-4DF9-A738-6AACBC30CE12}.Debug|Any CPU.Build.0 = Debug|Any CPU
		{1C6475E1-96C7-4DF9-A738-6AACBC30CE12}.Release|Any CPU.ActiveCfg = Release|Any CPU
		{1C6475E1-96C7-4DF9-A738-6AACBC30CE12}.Release|Any CPU.Build.0 = Release|Any CPU
		{BDFBCE64-7A1F-4DA2-B732-D81D1CD662D3}.Debug|Any CPU.ActiveCfg = Debug|Any CPU
		{BDFBCE64-7A1F-4DA2-B732-D81D1CD662D3}.Debug|Any CPU.Build.0 = Debug|Any CPU
		{BDFBCE64-7A1F-4DA2-B732-D81D1CD662D3}.Release|Any CPU.ActiveCfg = Release|Any CPU
		{BDFBCE64-7A1F-4DA2-B732-D81D1CD662D3}.Release|Any CPU.Build.0 = Release|Any CPU
	EndGlobalSection
	GlobalSection(SolutionProperties) = preSolution
		HideSolutionNode = FALSE
	EndGlobalSection
	GlobalSection(ExtensibilityGlobals) = postSolution
		SolutionGuid = {B85DEAA4-8C03-4172-820D-7641B636F24B}
	EndGlobalSection
EndGlobal
