
Microsoft Visual Studio Solution File, Format Version 12.00
# Visual Studio Version 17
VisualStudioVersion = 17.1.32414.318
MinimumVisualStudioVersion = 10.0.40219.1
Project("{FAE04EC0-301F-11D3-BF4B-00C04F79EFBC}") = "SSMSHelper", "SSMSHelper\SSMSHelper.csproj", "{B40D6323-E007-4915-B3B9-29550C507E7A}"
EndProject
Global
	GlobalSection(SolutionConfigurationPlatforms) = preSolution
		Debug|Any CPU = Debug|Any CPU
		Release|Any CPU = Release|Any CPU
	EndGlobalSection
	GlobalSection(ProjectConfigurationPlatforms) = postSolution
		{B40D6323-E007-4915-B3B9-29550C507E7A}.Debug|Any CPU.ActiveCfg = Debug|Any CPU
		{B40D6323-E007-4915-B3B9-29550C507E7A}.Debug|Any CPU.Build.0 = Debug|Any CPU
		{B40D6323-E007-4915-B3B9-29550C507E7A}.Release|Any CPU.ActiveCfg = Release|Any CPU
		{B40D6323-E007-4915-B3B9-29550C507E7A}.Release|Any CPU.Build.0 = Release|Any CPU
	EndGlobalSection
	GlobalSection(SolutionProperties) = preSolution
		HideSolutionNode = FALSE
	EndGlobalSection
	GlobalSection(ExtensibilityGlobals) = postSolution
		SolutionGuid = {175D2E30-B97E-4D4B-B874-7596279C8253}
	EndGlobalSection
EndGlobal
