
Microsoft Visual Studio Solution File, Format Version 12.00
# Visual Studio Version 16
VisualStudioVersion = 16.0.31729.503
MinimumVisualStudioVersion = 10.0.40219.1
Project("{FAE04EC0-301F-11D3-BF4B-00C04F79EFBC}") = "MyFirstSSMSExtension", "MyFirstSSMSExtension\MyFirstSSMSExtension.csproj", "{7BFFD126-B2C3-4ED7-B2C9-480F2DB4A2DC}"
EndProject
Global
	GlobalSection(SolutionConfigurationPlatforms) = preSolution
		Debug|Any CPU = Debug|Any CPU
		Release|Any CPU = Release|Any CPU
	EndGlobalSection
	GlobalSection(ProjectConfigurationPlatforms) = postSolution
		{7BFFD126-B2C3-4ED7-B2C9-480F2DB4A2DC}.Debug|Any CPU.ActiveCfg = Debug|Any CPU
		{7BFFD126-B2C3-4ED7-B2C9-480F2DB4A2DC}.Debug|Any CPU.Build.0 = Debug|Any CPU
		{7BFFD126-B2C3-4ED7-B2C9-480F2DB4A2DC}.Release|Any CPU.ActiveCfg = Release|Any CPU
		{7BFFD126-B2C3-4ED7-B2C9-480F2DB4A2DC}.Release|Any CPU.Build.0 = Release|Any CPU
	EndGlobalSection
	GlobalSection(SolutionProperties) = preSolution
		HideSolutionNode = FALSE
	EndGlobalSection
	GlobalSection(ExtensibilityGlobals) = postSolution
		SolutionGuid = {87B69B1E-18F2-408F-A6C9-3A93E50DB547}
	EndGlobalSection
EndGlobal
