
Microsoft Visual Studio Solution File, Format Version 12.00
# Visual Studio Version 16
VisualStudioVersion = 16.0.31729.503
MinimumVisualStudioVersion = 10.0.40219.1
Project("{FAE04EC0-301F-11D3-BF4B-00C04F79EFBC}") = "PoGroupUpdater", "PoGroupUpdater\PoGroupUpdater.csproj", "{D2301532-3AC4-4E07-8BDE-02AE7076D719}"
EndProject
Project("{FAE04EC0-301F-11D3-BF4B-00C04F79EFBC}") = "HelperDotNet", "..\HelperDotNet\HelperDotNet.csproj", "{BDFBCE64-7A1F-4DA2-B732-D81D1CD662D3}"
EndProject
Global
	GlobalSection(SolutionConfigurationPlatforms) = preSolution
		Debug|Any CPU = Debug|Any CPU
		Release|Any CPU = Release|Any CPU
	EndGlobalSection
	GlobalSection(ProjectConfigurationPlatforms) = postSolution
		{D2301532-3AC4-4E07-8BDE-02AE7076D719}.Debug|Any CPU.ActiveCfg = Debug|Any CPU
		{D2301532-3AC4-4E07-8BDE-02AE7076D719}.Debug|Any CPU.Build.0 = Debug|Any CPU
		{D2301532-3AC4-4E07-8BDE-02AE7076D719}.Release|Any CPU.ActiveCfg = Release|Any CPU
		{D2301532-3AC4-4E07-8BDE-02AE7076D719}.Release|Any CPU.Build.0 = Release|Any CPU
		{BDFBCE64-7A1F-4DA2-B732-D81D1CD662D3}.Debug|Any CPU.ActiveCfg = Debug|Any CPU
		{BDFBCE64-7A1F-4DA2-B732-D81D1CD662D3}.Debug|Any CPU.Build.0 = Debug|Any CPU
		{BDFBCE64-7A1F-4DA2-B732-D81D1CD662D3}.Release|Any CPU.ActiveCfg = Release|Any CPU
		{BDFBCE64-7A1F-4DA2-B732-D81D1CD662D3}.Release|Any CPU.Build.0 = Release|Any CPU
	EndGlobalSection
	GlobalSection(SolutionProperties) = preSolution
		HideSolutionNode = FALSE
	EndGlobalSection
	GlobalSection(ExtensibilityGlobals) = postSolution
		SolutionGuid = {820538C8-BD16-49B4-9EF4-FB708A784D87}
	EndGlobalSection
EndGlobal
